
Microsoft Visual Studio Solution File, Format Version 12.00
# Visual Studio 15
Project("{FAE04EC0-301F-11D3-BF4B-00C04F79EFBC}") = "Assembly-CSharp", "Assembly-CSharp.csproj", "{641C2D27-0717-481A-5393-C4CFBCE7E931}"
EndProject
Project("{FAE04EC0-301F-11D3-BF4B-00C04F79EFBC}") = "SteamVR", "SteamVR.csproj", "{4A416442-D9DC-3191-107A-47B08805F0CE}"
EndProject
Project("{FAE04EC0-301F-11D3-BF4B-00C04F79EFBC}") = "SteamVR_Actions", "SteamVR_Actions.csproj", "{373E5418-10ED-D846-6FEF-E7579A74245A}"
EndProject
Project("{FAE04EC0-301F-11D3-BF4B-00C04F79EFBC}") = "Assembly-CSharp-Editor", "Assembly-CSharp-Editor.csproj", "{974A69DE-DBE4-04AA-9636-B33D200BD8FF}"
EndProject
Project("{FAE04EC0-301F-11D3-BF4B-00C04F79EFBC}") = "SteamVR_Editor", "SteamVR_Editor.csproj", "{4EB51E03-0579-98BD-DCE9-E0EB2AA6C4E0}"
EndProject
Project("{FAE04EC0-301F-11D3-BF4B-00C04F79EFBC}") = "SteamVR_Input_Editor", "SteamVR_Input_Editor.csproj", "{BC3E7647-2031-C6DA-1404-1D0408D2FABE}"
EndProject
Project("{FAE04EC0-301F-11D3-BF4B-00C04F79EFBC}") = "SteamVR_Windows_EditorHelper", "SteamVR_Windows_EditorHelper.csproj", "{3B16146F-AF10-5822-6473-EFD253380655}"
EndProject
Global
	GlobalSection(SolutionConfigurationPlatforms) = preSolution
		Debug|Any CPU = Debug|Any CPU
		Release|Any CPU = Release|Any CPU
	EndGlobalSection
	GlobalSection(ProjectConfigurationPlatforms) = postSolution
		{641C2D27-0717-481A-5393-C4CFBCE7E931}.Debug|Any CPU.ActiveCfg = Debug|Any CPU
		{641C2D27-0717-481A-5393-C4CFBCE7E931}.Debug|Any CPU.Build.0 = Debug|Any CPU
		{641C2D27-0717-481A-5393-C4CFBCE7E931}.Release|Any CPU.ActiveCfg = Release|Any CPU
		{641C2D27-0717-481A-5393-C4CFBCE7E931}.Release|Any CPU.Build.0 = Release|Any CPU
		{4A416442-D9DC-3191-107A-47B08805F0CE}.Debug|Any CPU.ActiveCfg = Debug|Any CPU
		{4A416442-D9DC-3191-107A-47B08805F0CE}.Debug|Any CPU.Build.0 = Debug|Any CPU
		{4A416442-D9DC-3191-107A-47B08805F0CE}.Release|Any CPU.ActiveCfg = Release|Any CPU
		{4A416442-D9DC-3191-107A-47B08805F0CE}.Release|Any CPU.Build.0 = Release|Any CPU
		{373E5418-10ED-D846-6FEF-E7579A74245A}.Debug|Any CPU.ActiveCfg = Debug|Any CPU
		{373E5418-10ED-D846-6FEF-E7579A74245A}.Debug|Any CPU.Build.0 = Debug|Any CPU
		{373E5418-10ED-D846-6FEF-E7579A74245A}.Release|Any CPU.ActiveCfg = Release|Any CPU
		{373E5418-10ED-D846-6FEF-E7579A74245A}.Release|Any CPU.Build.0 = Release|Any CPU
		{974A69DE-DBE4-04AA-9636-B33D200BD8FF}.Debug|Any CPU.ActiveCfg = Debug|Any CPU
		{974A69DE-DBE4-04AA-9636-B33D200BD8FF}.Debug|Any CPU.Build.0 = Debug|Any CPU
		{974A69DE-DBE4-04AA-9636-B33D200BD8FF}.Release|Any CPU.ActiveCfg = Release|Any CPU
		{974A69DE-DBE4-04AA-9636-B33D200BD8FF}.Release|Any CPU.Build.0 = Release|Any CPU
		{4EB51E03-0579-98BD-DCE9-E0EB2AA6C4E0}.Debug|Any CPU.ActiveCfg = Debug|Any CPU
		{4EB51E03-0579-98BD-DCE9-E0EB2AA6C4E0}.Debug|Any CPU.Build.0 = Debug|Any CPU
		{4EB51E03-0579-98BD-DCE9-E0EB2AA6C4E0}.Release|Any CPU.ActiveCfg = Release|Any CPU
		{4EB51E03-0579-98BD-DCE9-E0EB2AA6C4E0}.Release|Any CPU.Build.0 = Release|Any CPU
		{BC3E7647-2031-C6DA-1404-1D0408D2FABE}.Debug|Any CPU.ActiveCfg = Debug|Any CPU
		{BC3E7647-2031-C6DA-1404-1D0408D2FABE}.Debug|Any CPU.Build.0 = Debug|Any CPU
		{BC3E7647-2031-C6DA-1404-1D0408D2FABE}.Release|Any CPU.ActiveCfg = Release|Any CPU
		{BC3E7647-2031-C6DA-1404-1D0408D2FABE}.Release|Any CPU.Build.0 = Release|Any CPU
		{3B16146F-AF10-5822-6473-EFD253380655}.Debug|Any CPU.ActiveCfg = Debug|Any CPU
		{3B16146F-AF10-5822-6473-EFD253380655}.Debug|Any CPU.Build.0 = Debug|Any CPU
		{3B16146F-AF10-5822-6473-EFD253380655}.Release|Any CPU.ActiveCfg = Release|Any CPU
		{3B16146F-AF10-5822-6473-EFD253380655}.Release|Any CPU.Build.0 = Release|Any CPU
	EndGlobalSection
	GlobalSection(SolutionProperties) = preSolution
		HideSolutionNode = FALSE
	EndGlobalSection
EndGlobal
